
Microsoft Visual Studio Solution File, Format Version 12.00
Project("{FAE04EC0-301F-11D3-BF4B-00C04F79EFBC}") = "EFSuperHero.Data", "EFSuperHero.Data\EFSuperHero.Data.csproj", "{3409CA87-D2E1-4F45-AC59-CD257C0CE46A}"
EndProject
Project("{FAE04EC0-301F-11D3-BF4B-00C04F79EFBC}") = "EFSuperHero.Domain", "EFSuperHero.Domain\EFSuperHero.Domain.csproj", "{C50FDAD8-23F5-4FF6-A231-938A2E6B3350}"
EndProject
Project("{FAE04EC0-301F-11D3-BF4B-00C04F79EFBC}") = "EFSuperHero.App", "EFSuperHero.App\EFSuperHero.App.csproj", "{DAD67FC4-D5E6-4BC0-B675-58F22A61E43D}"
EndProject
Global
	GlobalSection(SolutionConfigurationPlatforms) = preSolution
		Debug|Any CPU = Debug|Any CPU
		Release|Any CPU = Release|Any CPU
	EndGlobalSection
	GlobalSection(ProjectConfigurationPlatforms) = postSolution
		{3409CA87-D2E1-4F45-AC59-CD257C0CE46A}.Debug|Any CPU.ActiveCfg = Debug|Any CPU
		{3409CA87-D2E1-4F45-AC59-CD257C0CE46A}.Debug|Any CPU.Build.0 = Debug|Any CPU
		{3409CA87-D2E1-4F45-AC59-CD257C0CE46A}.Release|Any CPU.ActiveCfg = Release|Any CPU
		{3409CA87-D2E1-4F45-AC59-CD257C0CE46A}.Release|Any CPU.Build.0 = Release|Any CPU
		{C50FDAD8-23F5-4FF6-A231-938A2E6B3350}.Debug|Any CPU.ActiveCfg = Debug|Any CPU
		{C50FDAD8-23F5-4FF6-A231-938A2E6B3350}.Debug|Any CPU.Build.0 = Debug|Any CPU
		{C50FDAD8-23F5-4FF6-A231-938A2E6B3350}.Release|Any CPU.ActiveCfg = Release|Any CPU
		{C50FDAD8-23F5-4FF6-A231-938A2E6B3350}.Release|Any CPU.Build.0 = Release|Any CPU
		{DAD67FC4-D5E6-4BC0-B675-58F22A61E43D}.Debug|Any CPU.ActiveCfg = Debug|Any CPU
		{DAD67FC4-D5E6-4BC0-B675-58F22A61E43D}.Debug|Any CPU.Build.0 = Debug|Any CPU
		{DAD67FC4-D5E6-4BC0-B675-58F22A61E43D}.Release|Any CPU.ActiveCfg = Release|Any CPU
		{DAD67FC4-D5E6-4BC0-B675-58F22A61E43D}.Release|Any CPU.Build.0 = Release|Any CPU
	EndGlobalSection
EndGlobal
